
Microsoft Visual Studio Solution File, Format Version 12.00
# Visual Studio 15
VisualStudioVersion = 15.0.28010.2003
MinimumVisualStudioVersion = 10.0.40219.1
Project("{FAE04EC0-301F-11D3-BF4B-00C04F79EFBC}") = "SatoImsv1", "SatoImsv1.csproj", "{5C4D02A7-7D19-4EE0-B664-972851E992AB}"
EndProject
Global
	GlobalSection(SolutionConfigurationPlatforms) = preSolution
		Debug|Any CPU = Debug|Any CPU
		Release|Any CPU = Release|Any CPU
	EndGlobalSection
	GlobalSection(ProjectConfigurationPlatforms) = postSolution
		{5C4D02A7-7D19-4EE0-B664-972851E992AB}.Debug|Any CPU.ActiveCfg = Debug|Any CPU
		{5C4D02A7-7D19-4EE0-B664-972851E992AB}.Debug|Any CPU.Build.0 = Debug|Any CPU
		{5C4D02A7-7D19-4EE0-B664-972851E992AB}.Release|Any CPU.ActiveCfg = Release|Any CPU
		{5C4D02A7-7D19-4EE0-B664-972851E992AB}.Release|Any CPU.Build.0 = Release|Any CPU
	EndGlobalSection
	GlobalSection(SolutionProperties) = preSolution
		HideSolutionNode = FALSE
	EndGlobalSection
	GlobalSection(ExtensibilityGlobals) = postSolution
		SolutionGuid = {DADA92C5-8378-4D6F-8D9D-B23AE1B47191}
	EndGlobalSection
EndGlobal
