
Microsoft Visual Studio Solution File, Format Version 12.00
# Visual Studio 15
VisualStudioVersion = 15.0.28010.2003
MinimumVisualStudioVersion = 10.0.40219.1
Project("{FAE04EC0-301F-11D3-BF4B-00C04F79EFBC}") = "SAPtoMySQL", "SAPtoMySQL\SAPtoMySQL.csproj", "{926B796E-2ACE-440B-8E0D-30536CD3070C}"
EndProject
Project("{54435603-DBB4-11D2-8724-00A0C9A8B90C}") = "SAPMySQL", "SAPMySQL\SAPMySQL.vdproj", "{FE8F85AD-ACA0-452A-BAA6-5AD653FF571F}"
EndProject
Global
	GlobalSection(SolutionConfigurationPlatforms) = preSolution
		Debug|Any CPU = Debug|Any CPU
		Release|Any CPU = Release|Any CPU
	EndGlobalSection
	GlobalSection(ProjectConfigurationPlatforms) = postSolution
		{926B796E-2ACE-440B-8E0D-30536CD3070C}.Debug|Any CPU.ActiveCfg = Debug|Any CPU
		{926B796E-2ACE-440B-8E0D-30536CD3070C}.Debug|Any CPU.Build.0 = Debug|Any CPU
		{926B796E-2ACE-440B-8E0D-30536CD3070C}.Release|Any CPU.ActiveCfg = Release|Any CPU
		{926B796E-2ACE-440B-8E0D-30536CD3070C}.Release|Any CPU.Build.0 = Release|Any CPU
		{FE8F85AD-ACA0-452A-BAA6-5AD653FF571F}.Debug|Any CPU.ActiveCfg = Debug
		{FE8F85AD-ACA0-452A-BAA6-5AD653FF571F}.Release|Any CPU.ActiveCfg = Release
	EndGlobalSection
	GlobalSection(SolutionProperties) = preSolution
		HideSolutionNode = FALSE
	EndGlobalSection
	GlobalSection(ExtensibilityGlobals) = postSolution
		SolutionGuid = {3EB698C8-2B16-42A1-927C-FAC030AF0669}
	EndGlobalSection
EndGlobal
