
Microsoft Visual Studio Solution File, Format Version 12.00
# Visual Studio 15
VisualStudioVersion = 15.0.27428.2027
MinimumVisualStudioVersion = 10.0.40219.1
Project("{FAE04EC0-301F-11D3-BF4B-00C04F79EFBC}") = "TryConnection", "TryConnection\TryConnection.csproj", "{34F33B2D-5417-454C-B8D2-5A808ABFDDF2}"
EndProject
Global
	GlobalSection(SolutionConfigurationPlatforms) = preSolution
		Debug|Any CPU = Debug|Any CPU
		Release|Any CPU = Release|Any CPU
	EndGlobalSection
	GlobalSection(ProjectConfigurationPlatforms) = postSolution
		{34F33B2D-5417-454C-B8D2-5A808ABFDDF2}.Debug|Any CPU.ActiveCfg = Debug|Any CPU
		{34F33B2D-5417-454C-B8D2-5A808ABFDDF2}.Debug|Any CPU.Build.0 = Debug|Any CPU
		{34F33B2D-5417-454C-B8D2-5A808ABFDDF2}.Release|Any CPU.ActiveCfg = Release|Any CPU
		{34F33B2D-5417-454C-B8D2-5A808ABFDDF2}.Release|Any CPU.Build.0 = Release|Any CPU
	EndGlobalSection
	GlobalSection(SolutionProperties) = preSolution
		HideSolutionNode = FALSE
	EndGlobalSection
	GlobalSection(ExtensibilityGlobals) = postSolution
		SolutionGuid = {F9622D38-8DE9-4C25-A77D-E229C702B03B}
	EndGlobalSection
EndGlobal
