
Microsoft Visual Studio Solution File, Format Version 12.00
# Visual Studio 15
VisualStudioVersion = 15.0.28010.2003
MinimumVisualStudioVersion = 10.0.40219.1
Project("{FAE04EC0-301F-11D3-BF4B-00C04F79EFBC}") = "SampleAutoCompleteWithDatabase", "SampleAutoCompleteWithDatabase\SampleAutoCompleteWithDatabase.csproj", "{3F76A2DD-69FE-4411-9FD0-3B93C942AF9F}"
EndProject
Global
	GlobalSection(SolutionConfigurationPlatforms) = preSolution
		Debug|Any CPU = Debug|Any CPU
		Release|Any CPU = Release|Any CPU
	EndGlobalSection
	GlobalSection(ProjectConfigurationPlatforms) = postSolution
		{3F76A2DD-69FE-4411-9FD0-3B93C942AF9F}.Debug|Any CPU.ActiveCfg = Debug|Any CPU
		{3F76A2DD-69FE-4411-9FD0-3B93C942AF9F}.Debug|Any CPU.Build.0 = Debug|Any CPU
		{3F76A2DD-69FE-4411-9FD0-3B93C942AF9F}.Release|Any CPU.ActiveCfg = Release|Any CPU
		{3F76A2DD-69FE-4411-9FD0-3B93C942AF9F}.Release|Any CPU.Build.0 = Release|Any CPU
	EndGlobalSection
	GlobalSection(SolutionProperties) = preSolution
		HideSolutionNode = FALSE
	EndGlobalSection
	GlobalSection(ExtensibilityGlobals) = postSolution
		SolutionGuid = {EC08F8A8-B212-434C-A47B-8E8C874DD93D}
	EndGlobalSection
EndGlobal
