
Microsoft Visual Studio Solution File, Format Version 12.00
# Visual Studio 15
VisualStudioVersion = 15.0.28010.2003
MinimumVisualStudioVersion = 10.0.40219.1
Project("{FAE04EC0-301F-11D3-BF4B-00C04F79EFBC}") = "WindowsFormsApp2", "WindowsFormsApp2\WindowsFormsApp2.csproj", "{AB216DC8-9802-423E-94F6-035C3B2E2E58}"
EndProject
Global
	GlobalSection(SolutionConfigurationPlatforms) = preSolution
		Debug|Any CPU = Debug|Any CPU
		Release|Any CPU = Release|Any CPU
	EndGlobalSection
	GlobalSection(ProjectConfigurationPlatforms) = postSolution
		{AB216DC8-9802-423E-94F6-035C3B2E2E58}.Debug|Any CPU.ActiveCfg = Debug|Any CPU
		{AB216DC8-9802-423E-94F6-035C3B2E2E58}.Debug|Any CPU.Build.0 = Debug|Any CPU
		{AB216DC8-9802-423E-94F6-035C3B2E2E58}.Release|Any CPU.ActiveCfg = Release|Any CPU
		{AB216DC8-9802-423E-94F6-035C3B2E2E58}.Release|Any CPU.Build.0 = Release|Any CPU
	EndGlobalSection
	GlobalSection(SolutionProperties) = preSolution
		HideSolutionNode = FALSE
	EndGlobalSection
	GlobalSection(ExtensibilityGlobals) = postSolution
		SolutionGuid = {88E14F68-F362-451B-AC3C-D70A8C66BA55}
	EndGlobalSection
EndGlobal
