
Microsoft Visual Studio Solution File, Format Version 12.00
# Visual Studio 15
VisualStudioVersion = 15.0.27428.2027
MinimumVisualStudioVersion = 10.0.40219.1
Project("{FAE04EC0-301F-11D3-BF4B-00C04F79EFBC}") = "TestService", "TestService\TestService.csproj", "{44C6ADE9-BD8D-4732-81E0-771BF0623496}"
EndProject
Global
	GlobalSection(SolutionConfigurationPlatforms) = preSolution
		Debug|Any CPU = Debug|Any CPU
		Release|Any CPU = Release|Any CPU
	EndGlobalSection
	GlobalSection(ProjectConfigurationPlatforms) = postSolution
		{44C6ADE9-BD8D-4732-81E0-771BF0623496}.Debug|Any CPU.ActiveCfg = Debug|Any CPU
		{44C6ADE9-BD8D-4732-81E0-771BF0623496}.Debug|Any CPU.Build.0 = Debug|Any CPU
		{44C6ADE9-BD8D-4732-81E0-771BF0623496}.Release|Any CPU.ActiveCfg = Release|Any CPU
		{44C6ADE9-BD8D-4732-81E0-771BF0623496}.Release|Any CPU.Build.0 = Release|Any CPU
	EndGlobalSection
	GlobalSection(SolutionProperties) = preSolution
		HideSolutionNode = FALSE
	EndGlobalSection
	GlobalSection(ExtensibilityGlobals) = postSolution
		SolutionGuid = {D7B54B3D-0FC5-439C-950B-0370E56A73E6}
	EndGlobalSection
EndGlobal
