
Microsoft Visual Studio Solution File, Format Version 12.00
# Visual Studio 15
VisualStudioVersion = 15.0.28010.2003
MinimumVisualStudioVersion = 10.0.40219.1
Project("{FAE04EC0-301F-11D3-BF4B-00C04F79EFBC}") = "WindowsServiceMasterfileGen", "WindowsServiceMasterfileGen\WindowsServiceMasterfileGen.csproj", "{89A99D0A-F2E3-4E9B-9F58-86045401D0B2}"
EndProject
Project("{54435603-DBB4-11D2-8724-00A0C9A8B90C}") = "SATO Masterfile Generator", "SATO Masterfile Generator\SATO Masterfile Generator.vdproj", "{F74218E8-2A2B-40F4-841C-FEA7CE9B69A3}"
EndProject
Global
	GlobalSection(SolutionConfigurationPlatforms) = preSolution
		Debug|Any CPU = Debug|Any CPU
		Release|Any CPU = Release|Any CPU
	EndGlobalSection
	GlobalSection(ProjectConfigurationPlatforms) = postSolution
		{89A99D0A-F2E3-4E9B-9F58-86045401D0B2}.Debug|Any CPU.ActiveCfg = Debug|Any CPU
		{89A99D0A-F2E3-4E9B-9F58-86045401D0B2}.Debug|Any CPU.Build.0 = Debug|Any CPU
		{89A99D0A-F2E3-4E9B-9F58-86045401D0B2}.Release|Any CPU.ActiveCfg = Release|Any CPU
		{89A99D0A-F2E3-4E9B-9F58-86045401D0B2}.Release|Any CPU.Build.0 = Release|Any CPU
		{F74218E8-2A2B-40F4-841C-FEA7CE9B69A3}.Debug|Any CPU.ActiveCfg = Debug
		{F74218E8-2A2B-40F4-841C-FEA7CE9B69A3}.Release|Any CPU.ActiveCfg = Release
	EndGlobalSection
	GlobalSection(SolutionProperties) = preSolution
		HideSolutionNode = FALSE
	EndGlobalSection
	GlobalSection(ExtensibilityGlobals) = postSolution
		SolutionGuid = {14E2FA3B-9BE5-4520-B3CC-33DCEB1BC6A2}
	EndGlobalSection
EndGlobal
