
Microsoft Visual Studio Solution File, Format Version 12.00
# Visual Studio 15
VisualStudioVersion = 15.0.28010.2003
MinimumVisualStudioVersion = 10.0.40219.1
Project("{FAE04EC0-301F-11D3-BF4B-00C04F79EFBC}") = "SampleImpinj", "SampleImpinj.csproj", "{BA9F4CA2-D14A-48FD-91F1-F06446B38EF5}"
EndProject
Global
	GlobalSection(SolutionConfigurationPlatforms) = preSolution
		Debug|Any CPU = Debug|Any CPU
		Release|Any CPU = Release|Any CPU
	EndGlobalSection
	GlobalSection(ProjectConfigurationPlatforms) = postSolution
		{BA9F4CA2-D14A-48FD-91F1-F06446B38EF5}.Debug|Any CPU.ActiveCfg = Debug|Any CPU
		{BA9F4CA2-D14A-48FD-91F1-F06446B38EF5}.Debug|Any CPU.Build.0 = Debug|Any CPU
		{BA9F4CA2-D14A-48FD-91F1-F06446B38EF5}.Release|Any CPU.ActiveCfg = Release|Any CPU
		{BA9F4CA2-D14A-48FD-91F1-F06446B38EF5}.Release|Any CPU.Build.0 = Release|Any CPU
	EndGlobalSection
	GlobalSection(SolutionProperties) = preSolution
		HideSolutionNode = FALSE
	EndGlobalSection
	GlobalSection(ExtensibilityGlobals) = postSolution
		SolutionGuid = {A0304F4F-6700-4D8B-BC4C-090DDFB0D445}
	EndGlobalSection
EndGlobal
