
Microsoft Visual Studio Solution File, Format Version 12.00
# Visual Studio 15
VisualStudioVersion = 15.0.28010.2003
MinimumVisualStudioVersion = 10.0.40219.1
Project("{FAE04EC0-301F-11D3-BF4B-00C04F79EFBC}") = "Sorting", "Sorting\Sorting.csproj", "{06ECC1AA-7906-4BEE-9EB8-18602F7D59EB}"
EndProject
Global
	GlobalSection(SolutionConfigurationPlatforms) = preSolution
		Debug|Any CPU = Debug|Any CPU
		Release|Any CPU = Release|Any CPU
	EndGlobalSection
	GlobalSection(ProjectConfigurationPlatforms) = postSolution
		{06ECC1AA-7906-4BEE-9EB8-18602F7D59EB}.Debug|Any CPU.ActiveCfg = Debug|Any CPU
		{06ECC1AA-7906-4BEE-9EB8-18602F7D59EB}.Debug|Any CPU.Build.0 = Debug|Any CPU
		{06ECC1AA-7906-4BEE-9EB8-18602F7D59EB}.Release|Any CPU.ActiveCfg = Release|Any CPU
		{06ECC1AA-7906-4BEE-9EB8-18602F7D59EB}.Release|Any CPU.Build.0 = Release|Any CPU
	EndGlobalSection
	GlobalSection(SolutionProperties) = preSolution
		HideSolutionNode = FALSE
	EndGlobalSection
	GlobalSection(ExtensibilityGlobals) = postSolution
		SolutionGuid = {319A121C-5ADC-403F-A0AB-D4FB9BB0329E}
	EndGlobalSection
EndGlobal
