
Microsoft Visual Studio Solution File, Format Version 12.00
# Visual Studio 15
VisualStudioVersion = 15.0.28010.2003
MinimumVisualStudioVersion = 10.0.40219.1
Project("{FAE04EC0-301F-11D3-BF4B-00C04F79EFBC}") = "ScheduledUploader", "ScheduledUploader\ScheduledUploader.csproj", "{C478D0BF-09E6-41B4-A1EF-568CFA0CE475}"
EndProject
Global
	GlobalSection(SolutionConfigurationPlatforms) = preSolution
		Debug|Any CPU = Debug|Any CPU
		Release|Any CPU = Release|Any CPU
	EndGlobalSection
	GlobalSection(ProjectConfigurationPlatforms) = postSolution
		{C478D0BF-09E6-41B4-A1EF-568CFA0CE475}.Debug|Any CPU.ActiveCfg = Debug|Any CPU
		{C478D0BF-09E6-41B4-A1EF-568CFA0CE475}.Debug|Any CPU.Build.0 = Debug|Any CPU
		{C478D0BF-09E6-41B4-A1EF-568CFA0CE475}.Release|Any CPU.ActiveCfg = Release|Any CPU
		{C478D0BF-09E6-41B4-A1EF-568CFA0CE475}.Release|Any CPU.Build.0 = Release|Any CPU
	EndGlobalSection
	GlobalSection(SolutionProperties) = preSolution
		HideSolutionNode = FALSE
	EndGlobalSection
	GlobalSection(ExtensibilityGlobals) = postSolution
		SolutionGuid = {49C1433E-E5F6-4A49-AE80-20308E347134}
	EndGlobalSection
EndGlobal
