
Microsoft Visual Studio Solution File, Format Version 12.00
# Visual Studio 15
VisualStudioVersion = 15.0.28010.2003
MinimumVisualStudioVersion = 10.0.40219.1
Project("{FAE04EC0-301F-11D3-BF4B-00C04F79EFBC}") = "SQLTableDependencySample", "SQLTableDependencySample.csproj", "{F88A3950-EB85-4643-BDAF-7103DC133AFB}"
EndProject
Global
	GlobalSection(SolutionConfigurationPlatforms) = preSolution
		Debug|Any CPU = Debug|Any CPU
		Release|Any CPU = Release|Any CPU
	EndGlobalSection
	GlobalSection(ProjectConfigurationPlatforms) = postSolution
		{F88A3950-EB85-4643-BDAF-7103DC133AFB}.Debug|Any CPU.ActiveCfg = Debug|Any CPU
		{F88A3950-EB85-4643-BDAF-7103DC133AFB}.Debug|Any CPU.Build.0 = Debug|Any CPU
		{F88A3950-EB85-4643-BDAF-7103DC133AFB}.Release|Any CPU.ActiveCfg = Release|Any CPU
		{F88A3950-EB85-4643-BDAF-7103DC133AFB}.Release|Any CPU.Build.0 = Release|Any CPU
	EndGlobalSection
	GlobalSection(SolutionProperties) = preSolution
		HideSolutionNode = FALSE
	EndGlobalSection
	GlobalSection(ExtensibilityGlobals) = postSolution
		SolutionGuid = {ABEF48A0-D59D-4E7F-A4C5-F3E2FFC43E25}
	EndGlobalSection
EndGlobal
